
Microsoft Visual Studio Solution File, Format Version 12.00
# Visual Studio Version 17
VisualStudioVersion = 17.0.31903.59
MinimumVisualStudioVersion = 10.0.40219.1
Project("{2150E333-8FDC-42A3-9474-1A3956D46DE8}") = "config", "config", "{1AD244E0-696C-4A2A-31B1-1832C4FA60E4}"
EndProject
Project("{FAE04EC0-301F-11D3-BF4B-00C04F79EFBC}") = "Modificus.Curator.Config", "config\Modificus.Curator.Config.csproj", "{E32471EE-468A-4E31-937D-3789F901A604}"
EndProject
Project("{2150E333-8FDC-42A3-9474-1A3956D46DE8}") = "general", "general", "{F62A1F54-8B3F-A229-359C-38C30772E0B0}"
EndProject
Project("{FAE04EC0-301F-11D3-BF4B-00C04F79EFBC}") = "Modificus.Curator.General", "general\Modificus.Curator.General.csproj", "{9CF3F439-BD51-4157-B7C1-F75586D32AAC}"
EndProject
Project("{2150E333-8FDC-42A3-9474-1A3956D46DE8}") = "profiles", "profiles", "{0B138F57-1D5C-C833-2A6D-3AA9193CA8A3}"
EndProject
Project("{FAE04EC0-301F-11D3-BF4B-00C04F79EFBC}") = "Modificus.Curator.Profiles", "profiles\Modificus.Curator.Profiles.csproj", "{6F6439AD-9064-495F-B3E7-CC5231A57C5E}"
EndProject
Project("{2150E333-8FDC-42A3-9474-1A3956D46DE8}") = "integrations", "integrations", "{4958D7D8-4791-2CCE-6FFA-082B65933577}"
EndProject
Project("{FAE04EC0-301F-11D3-BF4B-00C04F79EFBC}") = "Modificus.Curator.Integrations", "integrations\Modificus.Curator.Integrations.csproj", "{BA03A303-39C0-417F-B04E-0C9684E81467}"
EndProject
Project("{2150E333-8FDC-42A3-9474-1A3956D46DE8}") = "steam", "steam", "{9D2CC102-017D-DE56-13CB-42E205106342}"
EndProject
Project("{FAE04EC0-301F-11D3-BF4B-00C04F79EFBC}") = "Modificus.Curator.Steam", "steam\Modificus.Curator.Steam.csproj", "{BF4015C5-5476-4D5C-828C-59A5AE219171}"
EndProject
Project("{2150E333-8FDC-42A3-9474-1A3956D46DE8}") = "relay-client", "relay-client", "{EA25846F-BFB3-0631-9883-7E04004497FB}"
EndProject
Project("{FAE04EC0-301F-11D3-BF4B-00C04F79EFBC}") = "Modificus.Curator.RelayClient", "relay-client\Modificus.Curator.RelayClient.csproj", "{3E904C9B-AD90-4E46-904D-D867D326ECEB}"
EndProject
Project("{2150E333-8FDC-42A3-9474-1A3956D46DE8}") = "ui", "ui", "{FA674B5A-3394-926C-2B1E-70E5B00E4A5C}"
EndProject
Project("{FAE04EC0-301F-11D3-BF4B-00C04F79EFBC}") = "Modificus.Curator.UI", "ui\Modificus.Curator.UI.csproj", "{5952A950-2AE3-43BC-8891-28D81B2B638E}"
EndProject
Project("{2150E333-8FDC-42A3-9474-1A3956D46DE8}") = "tests", "tests", "{0AB3BF05-4346-4AA6-1389-037BE0695223}"
EndProject
Project("{FAE04EC0-301F-11D3-BF4B-00C04F79EFBC}") = "Modificus.Curator.General.Tests", "tests\Modificus.Curator.General.Tests\Modificus.Curator.General.Tests.csproj", "{A3D79190-AD1E-428E-A0B0-224AE2A5A2BF}"
EndProject
Project("{FAE04EC0-301F-11D3-BF4B-00C04F79EFBC}") = "Modificus.Curator.Profiles.Tests", "tests\Modificus.Curator.Profiles.Tests\Modificus.Curator.Profiles.Tests.csproj", "{B4E0C2A1-1F2D-4A3E-9B5C-7D6E8F901A23}"
EndProject
Project("{FAE04EC0-301F-11D3-BF4B-00C04F79EFBC}") = "Modificus.Curator.Steam.Tests", "tests\Modificus.Curator.Steam.Tests\Modificus.Curator.Steam.Tests.csproj", "{2E1647E7-8D82-44EB-ADB6-FAFA9AC42200}"
EndProject
Project("{FAE04EC0-301F-11D3-BF4B-00C04F79EFBC}") = "Modificus.Curator.Integrations.Tests", "tests\Modificus.Curator.Integrations.Tests\Modificus.Curator.Integrations.Tests.csproj", "{6DB44E7F-2EAA-484E-AFCA-22742857C817}"
EndProject
Project("{FAE04EC0-301F-11D3-BF4B-00C04F79EFBC}") = "Modificus.Curator.RelayClient.Tests", "tests\Modificus.Curator.RelayClient.Tests\Modificus.Curator.RelayClient.Tests.csproj", "{2441E9E9-8D30-4BE9-AB19-CFB8AB8EF3F9}"
EndProject
Project("{2150E333-8FDC-42A3-9474-1A3956D46DE8}") = "mods", "mods", "{82E21D46-CB55-58F2-B30A-44B68825D3B3}"
EndProject
Project("{FAE04EC0-301F-11D3-BF4B-00C04F79EFBC}") = "Modificus.Curator.Mods", "mods\Modificus.Curator.Mods.csproj", "{D457B28D-3409-4BDB-8180-06C53999C23A}"
EndProject
Project("{FAE04EC0-301F-11D3-BF4B-00C04F79EFBC}") = "Modificus.Curator.Mods.Tests", "tests\Modificus.Curator.Mods.Tests\Modificus.Curator.Mods.Tests.csproj", "{E5644330-721B-48A6-B4E9-120A2C8ABDF2}"
EndProject
Project("{FAE04EC0-301F-11D3-BF4B-00C04F79EFBC}") = "Modificus.Curator.UI.Tests", "tests\Modificus.Curator.UI.Tests\Modificus.Curator.UI.Tests.csproj", "{336516CA-10CA-4357-A949-E3F4163B2D3C}"
EndProject
Project("{2150E333-8FDC-42A3-9474-1A3956D46DE8}") = "nxm", "nxm", "{4623F49B-B5C5-4763-8E52-C658D764F762}"
EndProject
Project("{FAE04EC0-301F-11D3-BF4B-00C04F79EFBC}") = "Modificus.Curator.Nxm", "nxm\Modificus.Curator.Nxm.csproj", "{5722CB15-2475-4A4B-904D-9817737A3BC6}"
EndProject
Project("{FAE04EC0-301F-11D3-BF4B-00C04F79EFBC}") = "Modificus.Curator.NxmHandler", "nxm-handler\Modificus.Curator.NxmHandler.csproj", "{44F9A809-AA89-4957-8612-AAC44D00E539}"
EndProject
Project("{FAE04EC0-301F-11D3-BF4B-00C04F79EFBC}") = "Modificus.Curator.Nxm.Tests", "tests\Modificus.Curator.Nxm.Tests\Modificus.Curator.Nxm.Tests.csproj", "{937E011F-9ED0-422E-A84A-F8C0BF90103B}"
EndProject
Global
	GlobalSection(SolutionConfigurationPlatforms) = preSolution
		Debug|Any CPU = Debug|Any CPU
		Debug|x64 = Debug|x64
		Debug|x86 = Debug|x86
		Release|Any CPU = Release|Any CPU
		Release|x64 = Release|x64
		Release|x86 = Release|x86
	EndGlobalSection
	GlobalSection(ProjectConfigurationPlatforms) = postSolution
		{E32471EE-468A-4E31-937D-3789F901A604}.Debug|Any CPU.ActiveCfg = Debug|Any CPU
		{E32471EE-468A-4E31-937D-3789F901A604}.Debug|Any CPU.Build.0 = Debug|Any CPU
		{E32471EE-468A-4E31-937D-3789F901A604}.Debug|x64.ActiveCfg = Debug|Any CPU
		{E32471EE-468A-4E31-937D-3789F901A604}.Debug|x64.Build.0 = Debug|Any CPU
		{E32471EE-468A-4E31-937D-3789F901A604}.Debug|x86.ActiveCfg = Debug|Any CPU
		{E32471EE-468A-4E31-937D-3789F901A604}.Debug|x86.Build.0 = Debug|Any CPU
		{E32471EE-468A-4E31-937D-3789F901A604}.Release|Any CPU.ActiveCfg = Release|Any CPU
		{E32471EE-468A-4E31-937D-3789F901A604}.Release|Any CPU.Build.0 = Release|Any CPU
		{E32471EE-468A-4E31-937D-3789F901A604}.Release|x64.ActiveCfg = Release|Any CPU
		{E32471EE-468A-4E31-937D-3789F901A604}.Release|x64.Build.0 = Release|Any CPU
		{E32471EE-468A-4E31-937D-3789F901A604}.Release|x86.ActiveCfg = Release|Any CPU
		{E32471EE-468A-4E31-937D-3789F901A604}.Release|x86.Build.0 = Release|Any CPU
		{9CF3F439-BD51-4157-B7C1-F75586D32AAC}.Debug|Any CPU.ActiveCfg = Debug|Any CPU
		{9CF3F439-BD51-4157-B7C1-F75586D32AAC}.Debug|Any CPU.Build.0 = Debug|Any CPU
		{9CF3F439-BD51-4157-B7C1-F75586D32AAC}.Debug|x64.ActiveCfg = Debug|Any CPU
		{9CF3F439-BD51-4157-B7C1-F75586D32AAC}.Debug|x64.Build.0 = Debug|Any CPU
		{9CF3F439-BD51-4157-B7C1-F75586D32AAC}.Debug|x86.ActiveCfg = Debug|Any CPU
		{9CF3F439-BD51-4157-B7C1-F75586D32AAC}.Debug|x86.Build.0 = Debug|Any CPU
		{9CF3F439-BD51-4157-B7C1-F75586D32AAC}.Release|Any CPU.ActiveCfg = Release|Any CPU
		{9CF3F439-BD51-4157-B7C1-F75586D32AAC}.Release|Any CPU.Build.0 = Release|Any CPU
		{9CF3F439-BD51-4157-B7C1-F75586D32AAC}.Release|x64.ActiveCfg = Release|Any CPU
		{9CF3F439-BD51-4157-B7C1-F75586D32AAC}.Release|x64.Build.0 = Release|Any CPU
		{9CF3F439-BD51-4157-B7C1-F75586D32AAC}.Release|x86.ActiveCfg = Release|Any CPU
		{9CF3F439-BD51-4157-B7C1-F75586D32AAC}.Release|x86.Build.0 = Release|Any CPU
		{6F6439AD-9064-495F-B3E7-CC5231A57C5E}.Debug|Any CPU.ActiveCfg = Debug|Any CPU
		{6F6439AD-9064-495F-B3E7-CC5231A57C5E}.Debug|Any CPU.Build.0 = Debug|Any CPU
		{6F6439AD-9064-495F-B3E7-CC5231A57C5E}.Debug|x64.ActiveCfg = Debug|Any CPU
		{6F6439AD-9064-495F-B3E7-CC5231A57C5E}.Debug|x64.Build.0 = Debug|Any CPU
		{6F6439AD-9064-495F-B3E7-CC5231A57C5E}.Debug|x86.ActiveCfg = Debug|Any CPU
		{6F6439AD-9064-495F-B3E7-CC5231A57C5E}.Debug|x86.Build.0 = Debug|Any CPU
		{6F6439AD-9064-495F-B3E7-CC5231A57C5E}.Release|Any CPU.ActiveCfg = Release|Any CPU
		{6F6439AD-9064-495F-B3E7-CC5231A57C5E}.Release|Any CPU.Build.0 = Release|Any CPU
		{6F6439AD-9064-495F-B3E7-CC5231A57C5E}.Release|x64.ActiveCfg = Release|Any CPU
		{6F6439AD-9064-495F-B3E7-CC5231A57C5E}.Release|x64.Build.0 = Release|Any CPU
		{6F6439AD-9064-495F-B3E7-CC5231A57C5E}.Release|x86.ActiveCfg = Release|Any CPU
		{6F6439AD-9064-495F-B3E7-CC5231A57C5E}.Release|x86.Build.0 = Release|Any CPU
		{BA03A303-39C0-417F-B04E-0C9684E81467}.Debug|Any CPU.ActiveCfg = Debug|Any CPU
		{BA03A303-39C0-417F-B04E-0C9684E81467}.Debug|Any CPU.Build.0 = Debug|Any CPU
		{BA03A303-39C0-417F-B04E-0C9684E81467}.Debug|x64.ActiveCfg = Debug|Any CPU
		{BA03A303-39C0-417F-B04E-0C9684E81467}.Debug|x64.Build.0 = Debug|Any CPU
		{BA03A303-39C0-417F-B04E-0C9684E81467}.Debug|x86.ActiveCfg = Debug|Any CPU
		{BA03A303-39C0-417F-B04E-0C9684E81467}.Debug|x86.Build.0 = Debug|Any CPU
		{BA03A303-39C0-417F-B04E-0C9684E81467}.Release|Any CPU.ActiveCfg = Release|Any CPU
		{BA03A303-39C0-417F-B04E-0C9684E81467}.Release|Any CPU.Build.0 = Release|Any CPU
		{BA03A303-39C0-417F-B04E-0C9684E81467}.Release|x64.ActiveCfg = Release|Any CPU
		{BA03A303-39C0-417F-B04E-0C9684E81467}.Release|x64.Build.0 = Release|Any CPU
		{BA03A303-39C0-417F-B04E-0C9684E81467}.Release|x86.ActiveCfg = Release|Any CPU
		{BA03A303-39C0-417F-B04E-0C9684E81467}.Release|x86.Build.0 = Release|Any CPU
		{BF4015C5-5476-4D5C-828C-59A5AE219171}.Debug|Any CPU.ActiveCfg = Debug|Any CPU
		{BF4015C5-5476-4D5C-828C-59A5AE219171}.Debug|Any CPU.Build.0 = Debug|Any CPU
		{BF4015C5-5476-4D5C-828C-59A5AE219171}.Debug|x64.ActiveCfg = Debug|Any CPU
		{BF4015C5-5476-4D5C-828C-59A5AE219171}.Debug|x64.Build.0 = Debug|Any CPU
		{BF4015C5-5476-4D5C-828C-59A5AE219171}.Debug|x86.ActiveCfg = Debug|Any CPU
		{BF4015C5-5476-4D5C-828C-59A5AE219171}.Debug|x86.Build.0 = Debug|Any CPU
		{BF4015C5-5476-4D5C-828C-59A5AE219171}.Release|Any CPU.ActiveCfg = Release|Any CPU
		{BF4015C5-5476-4D5C-828C-59A5AE219171}.Release|Any CPU.Build.0 = Release|Any CPU
		{BF4015C5-5476-4D5C-828C-59A5AE219171}.Release|x64.ActiveCfg = Release|Any CPU
		{BF4015C5-5476-4D5C-828C-59A5AE219171}.Release|x64.Build.0 = Release|Any CPU
		{BF4015C5-5476-4D5C-828C-59A5AE219171}.Release|x86.ActiveCfg = Release|Any CPU
		{BF4015C5-5476-4D5C-828C-59A5AE219171}.Release|x86.Build.0 = Release|Any CPU
		{3E904C9B-AD90-4E46-904D-D867D326ECEB}.Debug|Any CPU.ActiveCfg = Debug|Any CPU
		{3E904C9B-AD90-4E46-904D-D867D326ECEB}.Debug|Any CPU.Build.0 = Debug|Any CPU
		{3E904C9B-AD90-4E46-904D-D867D326ECEB}.Debug|x64.ActiveCfg = Debug|Any CPU
		{3E904C9B-AD90-4E46-904D-D867D326ECEB}.Debug|x64.Build.0 = Debug|Any CPU
		{3E904C9B-AD90-4E46-904D-D867D326ECEB}.Debug|x86.ActiveCfg = Debug|Any CPU
		{3E904C9B-AD90-4E46-904D-D867D326ECEB}.Debug|x86.Build.0 = Debug|Any CPU
		{3E904C9B-AD90-4E46-904D-D867D326ECEB}.Release|Any CPU.ActiveCfg = Release|Any CPU
		{3E904C9B-AD90-4E46-904D-D867D326ECEB}.Release|Any CPU.Build.0 = Release|Any CPU
		{3E904C9B-AD90-4E46-904D-D867D326ECEB}.Release|x64.ActiveCfg = Release|Any CPU
		{3E904C9B-AD90-4E46-904D-D867D326ECEB}.Release|x64.Build.0 = Release|Any CPU
		{3E904C9B-AD90-4E46-904D-D867D326ECEB}.Release|x86.ActiveCfg = Release|Any CPU
		{3E904C9B-AD90-4E46-904D-D867D326ECEB}.Release|x86.Build.0 = Release|Any CPU
		{5952A950-2AE3-43BC-8891-28D81B2B638E}.Debug|Any CPU.ActiveCfg = Debug|Any CPU
		{5952A950-2AE3-43BC-8891-28D81B2B638E}.Debug|Any CPU.Build.0 = Debug|Any CPU
		{5952A950-2AE3-43BC-8891-28D81B2B638E}.Debug|x64.ActiveCfg = Debug|Any CPU
		{5952A950-2AE3-43BC-8891-28D81B2B638E}.Debug|x64.Build.0 = Debug|Any CPU
		{5952A950-2AE3-43BC-8891-28D81B2B638E}.Debug|x86.ActiveCfg = Debug|Any CPU
		{5952A950-2AE3-43BC-8891-28D81B2B638E}.Debug|x86.Build.0 = Debug|Any CPU
		{5952A950-2AE3-43BC-8891-28D81B2B638E}.Release|Any CPU.ActiveCfg = Release|Any CPU
		{5952A950-2AE3-43BC-8891-28D81B2B638E}.Release|Any CPU.Build.0 = Release|Any CPU
		{5952A950-2AE3-43BC-8891-28D81B2B638E}.Release|x64.ActiveCfg = Release|Any CPU
		{5952A950-2AE3-43BC-8891-28D81B2B638E}.Release|x64.Build.0 = Release|Any CPU
		{5952A950-2AE3-43BC-8891-28D81B2B638E}.Release|x86.ActiveCfg = Release|Any CPU
		{5952A950-2AE3-43BC-8891-28D81B2B638E}.Release|x86.Build.0 = Release|Any CPU
		{A3D79190-AD1E-428E-A0B0-224AE2A5A2BF}.Debug|Any CPU.ActiveCfg = Debug|Any CPU
		{A3D79190-AD1E-428E-A0B0-224AE2A5A2BF}.Debug|Any CPU.Build.0 = Debug|Any CPU
		{A3D79190-AD1E-428E-A0B0-224AE2A5A2BF}.Debug|x64.ActiveCfg = Debug|Any CPU
		{A3D79190-AD1E-428E-A0B0-224AE2A5A2BF}.Debug|x64.Build.0 = Debug|Any CPU
		{A3D79190-AD1E-428E-A0B0-224AE2A5A2BF}.Debug|x86.ActiveCfg = Debug|Any CPU
		{A3D79190-AD1E-428E-A0B0-224AE2A5A2BF}.Debug|x86.Build.0 = Debug|Any CPU
		{A3D79190-AD1E-428E-A0B0-224AE2A5A2BF}.Release|Any CPU.ActiveCfg = Release|Any CPU
		{A3D79190-AD1E-428E-A0B0-224AE2A5A2BF}.Release|Any CPU.Build.0 = Release|Any CPU
		{A3D79190-AD1E-428E-A0B0-224AE2A5A2BF}.Release|x64.ActiveCfg = Release|Any CPU
		{A3D79190-AD1E-428E-A0B0-224AE2A5A2BF}.Release|x64.Build.0 = Release|Any CPU
		{A3D79190-AD1E-428E-A0B0-224AE2A5A2BF}.Release|x86.ActiveCfg = Release|Any CPU
		{A3D79190-AD1E-428E-A0B0-224AE2A5A2BF}.Release|x86.Build.0 = Release|Any CPU
		{B4E0C2A1-1F2D-4A3E-9B5C-7D6E8F901A23}.Debug|Any CPU.ActiveCfg = Debug|Any CPU
		{B4E0C2A1-1F2D-4A3E-9B5C-7D6E8F901A23}.Debug|Any CPU.Build.0 = Debug|Any CPU
		{B4E0C2A1-1F2D-4A3E-9B5C-7D6E8F901A23}.Debug|x64.ActiveCfg = Debug|Any CPU
		{B4E0C2A1-1F2D-4A3E-9B5C-7D6E8F901A23}.Debug|x64.Build.0 = Debug|Any CPU
		{B4E0C2A1-1F2D-4A3E-9B5C-7D6E8F901A23}.Debug|x86.ActiveCfg = Debug|Any CPU
		{B4E0C2A1-1F2D-4A3E-9B5C-7D6E8F901A23}.Debug|x86.Build.0 = Debug|Any CPU
		{B4E0C2A1-1F2D-4A3E-9B5C-7D6E8F901A23}.Release|Any CPU.ActiveCfg = Release|Any CPU
		{B4E0C2A1-1F2D-4A3E-9B5C-7D6E8F901A23}.Release|Any CPU.Build.0 = Release|Any CPU
		{B4E0C2A1-1F2D-4A3E-9B5C-7D6E8F901A23}.Release|x64.ActiveCfg = Release|Any CPU
		{B4E0C2A1-1F2D-4A3E-9B5C-7D6E8F901A23}.Release|x64.Build.0 = Release|Any CPU
		{B4E0C2A1-1F2D-4A3E-9B5C-7D6E8F901A23}.Release|x86.ActiveCfg = Release|Any CPU
		{B4E0C2A1-1F2D-4A3E-9B5C-7D6E8F901A23}.Release|x86.Build.0 = Release|Any CPU
		{2E1647E7-8D82-44EB-ADB6-FAFA9AC42200}.Debug|Any CPU.ActiveCfg = Debug|Any CPU
		{2E1647E7-8D82-44EB-ADB6-FAFA9AC42200}.Debug|Any CPU.Build.0 = Debug|Any CPU
		{2E1647E7-8D82-44EB-ADB6-FAFA9AC42200}.Debug|x64.ActiveCfg = Debug|Any CPU
		{2E1647E7-8D82-44EB-ADB6-FAFA9AC42200}.Debug|x64.Build.0 = Debug|Any CPU
		{2E1647E7-8D82-44EB-ADB6-FAFA9AC42200}.Debug|x86.ActiveCfg = Debug|Any CPU
		{2E1647E7-8D82-44EB-ADB6-FAFA9AC42200}.Debug|x86.Build.0 = Debug|Any CPU
		{2E1647E7-8D82-44EB-ADB6-FAFA9AC42200}.Release|Any CPU.ActiveCfg = Release|Any CPU
		{2E1647E7-8D82-44EB-ADB6-FAFA9AC42200}.Release|Any CPU.Build.0 = Release|Any CPU
		{2E1647E7-8D82-44EB-ADB6-FAFA9AC42200}.Release|x64.ActiveCfg = Release|Any CPU
		{2E1647E7-8D82-44EB-ADB6-FAFA9AC42200}.Release|x64.Build.0 = Release|Any CPU
		{2E1647E7-8D82-44EB-ADB6-FAFA9AC42200}.Release|x86.ActiveCfg = Release|Any CPU
		{2E1647E7-8D82-44EB-ADB6-FAFA9AC42200}.Release|x86.Build.0 = Release|Any CPU
		{6DB44E7F-2EAA-484E-AFCA-22742857C817}.Debug|Any CPU.ActiveCfg = Debug|Any CPU
		{6DB44E7F-2EAA-484E-AFCA-22742857C817}.Debug|Any CPU.Build.0 = Debug|Any CPU
		{6DB44E7F-2EAA-484E-AFCA-22742857C817}.Debug|x64.ActiveCfg = Debug|Any CPU
		{6DB44E7F-2EAA-484E-AFCA-22742857C817}.Debug|x64.Build.0 = Debug|Any CPU
		{6DB44E7F-2EAA-484E-AFCA-22742857C817}.Debug|x86.ActiveCfg = Debug|Any CPU
		{6DB44E7F-2EAA-484E-AFCA-22742857C817}.Debug|x86.Build.0 = Debug|Any CPU
		{6DB44E7F-2EAA-484E-AFCA-22742857C817}.Release|Any CPU.ActiveCfg = Release|Any CPU
		{6DB44E7F-2EAA-484E-AFCA-22742857C817}.Release|Any CPU.Build.0 = Release|Any CPU
		{6DB44E7F-2EAA-484E-AFCA-22742857C817}.Release|x64.ActiveCfg = Release|Any CPU
		{6DB44E7F-2EAA-484E-AFCA-22742857C817}.Release|x64.Build.0 = Release|Any CPU
		{6DB44E7F-2EAA-484E-AFCA-22742857C817}.Release|x86.ActiveCfg = Release|Any CPU
		{6DB44E7F-2EAA-484E-AFCA-22742857C817}.Release|x86.Build.0 = Release|Any CPU
		{2441E9E9-8D30-4BE9-AB19-CFB8AB8EF3F9}.Debug|Any CPU.ActiveCfg = Debug|Any CPU
		{2441E9E9-8D30-4BE9-AB19-CFB8AB8EF3F9}.Debug|Any CPU.Build.0 = Debug|Any CPU
		{2441E9E9-8D30-4BE9-AB19-CFB8AB8EF3F9}.Debug|x64.ActiveCfg = Debug|Any CPU
		{2441E9E9-8D30-4BE9-AB19-CFB8AB8EF3F9}.Debug|x64.Build.0 = Debug|Any CPU
		{2441E9E9-8D30-4BE9-AB19-CFB8AB8EF3F9}.Debug|x86.ActiveCfg = Debug|Any CPU
		{2441E9E9-8D30-4BE9-AB19-CFB8AB8EF3F9}.Debug|x86.Build.0 = Debug|Any CPU
		{2441E9E9-8D30-4BE9-AB19-CFB8AB8EF3F9}.Release|Any CPU.ActiveCfg = Release|Any CPU
		{2441E9E9-8D30-4BE9-AB19-CFB8AB8EF3F9}.Release|Any CPU.Build.0 = Release|Any CPU
		{2441E9E9-8D30-4BE9-AB19-CFB8AB8EF3F9}.Release|x64.ActiveCfg = Release|Any CPU
		{2441E9E9-8D30-4BE9-AB19-CFB8AB8EF3F9}.Release|x64.Build.0 = Release|Any CPU
		{2441E9E9-8D30-4BE9-AB19-CFB8AB8EF3F9}.Release|x86.ActiveCfg = Release|Any CPU
		{2441E9E9-8D30-4BE9-AB19-CFB8AB8EF3F9}.Release|x86.Build.0 = Release|Any CPU
		{D457B28D-3409-4BDB-8180-06C53999C23A}.Debug|Any CPU.ActiveCfg = Debug|Any CPU
		{D457B28D-3409-4BDB-8180-06C53999C23A}.Debug|Any CPU.Build.0 = Debug|Any CPU
		{D457B28D-3409-4BDB-8180-06C53999C23A}.Debug|x64.ActiveCfg = Debug|Any CPU
		{D457B28D-3409-4BDB-8180-06C53999C23A}.Debug|x64.Build.0 = Debug|Any CPU
		{D457B28D-3409-4BDB-8180-06C53999C23A}.Debug|x86.ActiveCfg = Debug|Any CPU
		{D457B28D-3409-4BDB-8180-06C53999C23A}.Debug|x86.Build.0 = Debug|Any CPU
		{D457B28D-3409-4BDB-8180-06C53999C23A}.Release|Any CPU.ActiveCfg = Release|Any CPU
		{D457B28D-3409-4BDB-8180-06C53999C23A}.Release|Any CPU.Build.0 = Release|Any CPU
		{D457B28D-3409-4BDB-8180-06C53999C23A}.Release|x64.ActiveCfg = Release|Any CPU
		{D457B28D-3409-4BDB-8180-06C53999C23A}.Release|x64.Build.0 = Release|Any CPU
		{D457B28D-3409-4BDB-8180-06C53999C23A}.Release|x86.ActiveCfg = Release|Any CPU
		{D457B28D-3409-4BDB-8180-06C53999C23A}.Release|x86.Build.0 = Release|Any CPU
		{E5644330-721B-48A6-B4E9-120A2C8ABDF2}.Debug|Any CPU.ActiveCfg = Debug|Any CPU
		{E5644330-721B-48A6-B4E9-120A2C8ABDF2}.Debug|Any CPU.Build.0 = Debug|Any CPU
		{E5644330-721B-48A6-B4E9-120A2C8ABDF2}.Debug|x64.ActiveCfg = Debug|Any CPU
		{E5644330-721B-48A6-B4E9-120A2C8ABDF2}.Debug|x64.Build.0 = Debug|Any CPU
		{E5644330-721B-48A6-B4E9-120A2C8ABDF2}.Debug|x86.ActiveCfg = Debug|Any CPU
		{E5644330-721B-48A6-B4E9-120A2C8ABDF2}.Debug|x86.Build.0 = Debug|Any CPU
		{E5644330-721B-48A6-B4E9-120A2C8ABDF2}.Release|Any CPU.ActiveCfg = Release|Any CPU
		{E5644330-721B-48A6-B4E9-120A2C8ABDF2}.Release|Any CPU.Build.0 = Release|Any CPU
		{E5644330-721B-48A6-B4E9-120A2C8ABDF2}.Release|x64.ActiveCfg = Release|Any CPU
		{E5644330-721B-48A6-B4E9-120A2C8ABDF2}.Release|x64.Build.0 = Release|Any CPU
		{E5644330-721B-48A6-B4E9-120A2C8ABDF2}.Release|x86.ActiveCfg = Release|Any CPU
		{E5644330-721B-48A6-B4E9-120A2C8ABDF2}.Release|x86.Build.0 = Release|Any CPU
		{336516CA-10CA-4357-A949-E3F4163B2D3C}.Debug|Any CPU.ActiveCfg = Debug|Any CPU
		{336516CA-10CA-4357-A949-E3F4163B2D3C}.Debug|Any CPU.Build.0 = Debug|Any CPU
		{336516CA-10CA-4357-A949-E3F4163B2D3C}.Debug|x64.ActiveCfg = Debug|Any CPU
		{336516CA-10CA-4357-A949-E3F4163B2D3C}.Debug|x64.Build.0 = Debug|Any CPU
		{336516CA-10CA-4357-A949-E3F4163B2D3C}.Debug|x86.ActiveCfg = Debug|Any CPU
		{336516CA-10CA-4357-A949-E3F4163B2D3C}.Debug|x86.Build.0 = Debug|Any CPU
		{336516CA-10CA-4357-A949-E3F4163B2D3C}.Release|Any CPU.ActiveCfg = Release|Any CPU
		{336516CA-10CA-4357-A949-E3F4163B2D3C}.Release|Any CPU.Build.0 = Release|Any CPU
		{336516CA-10CA-4357-A949-E3F4163B2D3C}.Release|x64.ActiveCfg = Release|Any CPU
		{336516CA-10CA-4357-A949-E3F4163B2D3C}.Release|x64.Build.0 = Release|Any CPU
		{336516CA-10CA-4357-A949-E3F4163B2D3C}.Release|x86.ActiveCfg = Release|Any CPU
		{336516CA-10CA-4357-A949-E3F4163B2D3C}.Release|x86.Build.0 = Release|Any CPU
		{5722CB15-2475-4A4B-904D-9817737A3BC6}.Debug|Any CPU.ActiveCfg = Debug|Any CPU
		{5722CB15-2475-4A4B-904D-9817737A3BC6}.Debug|Any CPU.Build.0 = Debug|Any CPU
		{5722CB15-2475-4A4B-904D-9817737A3BC6}.Debug|x64.ActiveCfg = Debug|Any CPU
		{5722CB15-2475-4A4B-904D-9817737A3BC6}.Debug|x64.Build.0 = Debug|Any CPU
		{5722CB15-2475-4A4B-904D-9817737A3BC6}.Debug|x86.ActiveCfg = Debug|Any CPU
		{5722CB15-2475-4A4B-904D-9817737A3BC6}.Debug|x86.Build.0 = Debug|Any CPU
		{5722CB15-2475-4A4B-904D-9817737A3BC6}.Release|Any CPU.ActiveCfg = Release|Any CPU
		{5722CB15-2475-4A4B-904D-9817737A3BC6}.Release|Any CPU.Build.0 = Release|Any CPU
		{5722CB15-2475-4A4B-904D-9817737A3BC6}.Release|x64.ActiveCfg = Release|Any CPU
		{5722CB15-2475-4A4B-904D-9817737A3BC6}.Release|x64.Build.0 = Release|Any CPU
		{5722CB15-2475-4A4B-904D-9817737A3BC6}.Release|x86.ActiveCfg = Release|Any CPU
		{5722CB15-2475-4A4B-904D-9817737A3BC6}.Release|x86.Build.0 = Release|Any CPU
		{44F9A809-AA89-4957-8612-AAC44D00E539}.Debug|Any CPU.ActiveCfg = Debug|Any CPU
		{44F9A809-AA89-4957-8612-AAC44D00E539}.Debug|Any CPU.Build.0 = Debug|Any CPU
		{44F9A809-AA89-4957-8612-AAC44D00E539}.Debug|x64.ActiveCfg = Debug|Any CPU
		{44F9A809-AA89-4957-8612-AAC44D00E539}.Debug|x64.Build.0 = Debug|Any CPU
		{44F9A809-AA89-4957-8612-AAC44D00E539}.Debug|x86.ActiveCfg = Debug|Any CPU
		{44F9A809-AA89-4957-8612-AAC44D00E539}.Debug|x86.Build.0 = Debug|Any CPU
		{44F9A809-AA89-4957-8612-AAC44D00E539}.Release|Any CPU.ActiveCfg = Release|Any CPU
		{44F9A809-AA89-4957-8612-AAC44D00E539}.Release|Any CPU.Build.0 = Release|Any CPU
		{44F9A809-AA89-4957-8612-AAC44D00E539}.Release|x64.ActiveCfg = Release|Any CPU
		{44F9A809-AA89-4957-8612-AAC44D00E539}.Release|x64.Build.0 = Release|Any CPU
		{44F9A809-AA89-4957-8612-AAC44D00E539}.Release|x86.ActiveCfg = Release|Any CPU
		{44F9A809-AA89-4957-8612-AAC44D00E539}.Release|x86.Build.0 = Release|Any CPU
		{937E011F-9ED0-422E-A84A-F8C0BF90103B}.Debug|Any CPU.ActiveCfg = Debug|Any CPU
		{937E011F-9ED0-422E-A84A-F8C0BF90103B}.Debug|Any CPU.Build.0 = Debug|Any CPU
		{937E011F-9ED0-422E-A84A-F8C0BF90103B}.Debug|x64.ActiveCfg = Debug|Any CPU
		{937E011F-9ED0-422E-A84A-F8C0BF90103B}.Debug|x64.Build.0 = Debug|Any CPU
		{937E011F-9ED0-422E-A84A-F8C0BF90103B}.Debug|x86.ActiveCfg = Debug|Any CPU
		{937E011F-9ED0-422E-A84A-F8C0BF90103B}.Debug|x86.Build.0 = Debug|Any CPU
		{937E011F-9ED0-422E-A84A-F8C0BF90103B}.Release|Any CPU.ActiveCfg = Release|Any CPU
		{937E011F-9ED0-422E-A84A-F8C0BF90103B}.Release|Any CPU.Build.0 = Release|Any CPU
		{937E011F-9ED0-422E-A84A-F8C0BF90103B}.Release|x64.ActiveCfg = Release|Any CPU
		{937E011F-9ED0-422E-A84A-F8C0BF90103B}.Release|x64.Build.0 = Release|Any CPU
		{937E011F-9ED0-422E-A84A-F8C0BF90103B}.Release|x86.ActiveCfg = Release|Any CPU
		{937E011F-9ED0-422E-A84A-F8C0BF90103B}.Release|x86.Build.0 = Release|Any CPU
	EndGlobalSection
	GlobalSection(SolutionProperties) = preSolution
		HideSolutionNode = FALSE
	EndGlobalSection
	GlobalSection(NestedProjects) = preSolution
		{E32471EE-468A-4E31-937D-3789F901A604} = {1AD244E0-696C-4A2A-31B1-1832C4FA60E4}
		{9CF3F439-BD51-4157-B7C1-F75586D32AAC} = {F62A1F54-8B3F-A229-359C-38C30772E0B0}
		{6F6439AD-9064-495F-B3E7-CC5231A57C5E} = {0B138F57-1D5C-C833-2A6D-3AA9193CA8A3}
		{BA03A303-39C0-417F-B04E-0C9684E81467} = {4958D7D8-4791-2CCE-6FFA-082B65933577}
		{BF4015C5-5476-4D5C-828C-59A5AE219171} = {9D2CC102-017D-DE56-13CB-42E205106342}
		{3E904C9B-AD90-4E46-904D-D867D326ECEB} = {EA25846F-BFB3-0631-9883-7E04004497FB}
		{5952A950-2AE3-43BC-8891-28D81B2B638E} = {FA674B5A-3394-926C-2B1E-70E5B00E4A5C}
		{A3D79190-AD1E-428E-A0B0-224AE2A5A2BF} = {0AB3BF05-4346-4AA6-1389-037BE0695223}
		{B4E0C2A1-1F2D-4A3E-9B5C-7D6E8F901A23} = {0AB3BF05-4346-4AA6-1389-037BE0695223}
		{2E1647E7-8D82-44EB-ADB6-FAFA9AC42200} = {0AB3BF05-4346-4AA6-1389-037BE0695223}
		{6DB44E7F-2EAA-484E-AFCA-22742857C817} = {0AB3BF05-4346-4AA6-1389-037BE0695223}
		{2441E9E9-8D30-4BE9-AB19-CFB8AB8EF3F9} = {0AB3BF05-4346-4AA6-1389-037BE0695223}
		{D457B28D-3409-4BDB-8180-06C53999C23A} = {82E21D46-CB55-58F2-B30A-44B68825D3B3}
		{E5644330-721B-48A6-B4E9-120A2C8ABDF2} = {0AB3BF05-4346-4AA6-1389-037BE0695223}
		{336516CA-10CA-4357-A949-E3F4163B2D3C} = {0AB3BF05-4346-4AA6-1389-037BE0695223}
		{5722CB15-2475-4A4B-904D-9817737A3BC6} = {4623F49B-B5C5-4763-8E52-C658D764F762}
		{44F9A809-AA89-4957-8612-AAC44D00E539} = {4623F49B-B5C5-4763-8E52-C658D764F762}
		{937E011F-9ED0-422E-A84A-F8C0BF90103B} = {0AB3BF05-4346-4AA6-1389-037BE0695223}
	EndGlobalSection
EndGlobal
